// !$*UTF8*$!
{
	archiveVersion = 1;
	classes = {
	};
	objectVersion = 46;
	objects = {

/* Begin PBXBuildFile section */
		BA74BE281E6BCA2E00877BA4 /* SettingsViewController.swift in Sources */ = {isa = PBXBuildFile; fileRef = BA74BE271E6BCA2E00877BA4 /* SettingsViewController.swift */; };
		BAAF90691E6696CD00E0FCAB /* AppDelegate.swift in Sources */ = {isa = PBXBuildFile; fileRef = BAAF90681E6696CD00E0FCAB /* AppDelegate.swift */; };
		BAAF906B1E6696CD00E0FCAB /* ViewController.swift in Sources */ = {isa = PBXBuildFile; fileRef = BAAF906A1E6696CD00E0FCAB /* ViewController.swift */; };
		BAAF906E1E6696CD00E0FCAB /* Main.storyboard in Resources */ = {isa = PBXBuildFile; fileRef = BAAF906C1E6696CD00E0FCAB /* Main.storyboard */; };
		BAAF90701E6696CD00E0FCAB /* Assets.xcassets in Resources */ = {isa = PBXBuildFile; fileRef = BAAF906F1E6696CD00E0FCAB /* Assets.xcassets */; };
		BAAF90731E6696CD00E0FCAB /* LaunchScreen.storyboard in Resources */ = {isa = PBXBuildFile; fileRef = BAAF90711E6696CD00E0FCAB /* LaunchScreen.storyboard */; };
/* End PBXBuildFile section */

/* Begin PBXFileReference section */
		BA74BE271E6BCA2E00877BA4 /* SettingsViewController.swift */ = {isa = PBXFileReference; fileEncoding = 4; lastKnownFileType = sourcecode.swift; path = SettingsViewController.swift; sourceTree = "<group>"; };
		BAAF90651E6696CD00E0FCAB /* tippy.app */ = {isa = PBXFileReference; explicitFileType = wrapper.application; includeInIndex = 0; path = tippy.app; sourceTree = BUILT_PRODUCTS_DIR; };
		BAAF90681E6696CD00E0FCAB /* AppDelegate.swift */ = {isa = PBXFileReference; lastKnownFileType = sourcecode.swift; path = AppDelegate.swift; sourceTree = "<group>"; };
		BAAF906A1E6696CD00E0FCAB /* ViewController.swift */ = {isa = PBXFileReference; lastKnownFileType = sourcecode.swift; path = ViewController.swift; sourceTree = "<group>"; };
		BAAF906D1E6696CD00E0FCAB /* Base */ = {isa = PBXFileReference; lastKnownFileType = file.storyboard; name = Base; path = Base.lproj/Main.storyboard; sourceTree = "<group>"; };
		BAAF906F1E6696CD00E0FCAB /* Assets.xcassets */ = {isa = PBXFileReference; lastKnownFileType = folder.assetcatalog; path = Assets.xcassets; sourceTree = "<group>"; };
		BAAF90721E6696CD00E0FCAB /* Base */ = {isa = PBXFileReference; lastKnownFileType = file.storyboard; name = Base; path = Base.lproj/LaunchScreen.storyboard; sourceTree = "<group>"; };
		BAAF90741E6696CD00E0FCAB /* Info.plist */ = {isa = PBXFileReference; lastKnownFileType = text.plist.xml; path = Info.plist; sourceTree = "<group>"; };
/* End PBXFileReference section */

/* Begin PBXFrameworksBuildPhase section */
		BAAF90621E6696CC00E0FCAB /* Frameworks */ = {
			isa = PBXFrameworksBuildPhase;
			buildActionMask = 2147483647;
			files = (
			);
			runOnlyForDeploymentPostprocessing = 0;
		};
/* End PBXFrameworksBuildPhase section */

/* Begin PBXGroup section */
		BAAF905C1E6696CC00E0FCAB = {
			isa = PBXGroup;
			children = (
				BAAF90671E6696CD00E0FCAB /* tippy */,
				BAAF90661E6696CD00E0FCAB /* Products */,
			);
			sourceTree = "<group>";
		};
		BAAF90661E6696CD00E0FCAB /* Products */ = {
			isa = PBXGroup;
			children = (
				BAAF90651E6696CD00E0FCAB /* tippy.app */,
			);
			name = Products;
			sourceTree = "<group>";
		};
		BAAF90671E6696CD00E0FCAB /* tippy */ = {
			isa = PBXGroup;
			children = (
				BAAF90681E6696CD00E0FCAB /* AppDelegate.swift */,
				BAAF906A1E6696CD00E0FCAB /* ViewController.swift */,
				BAAF906C1E6696CD00E0FCAB /* Main.storyboard */,
				BA74BE271E6BCA2E00877BA4 /* SettingsViewController.swift */,
				BAAF906F1E6696CD00E0FCAB /* Assets.xcassets */,
				BAAF90711E6696CD00E0FCAB /* LaunchScreen.storyboard */,
				BAAF90741E6696CD00E0FCAB /* Info.plist */,
			);
			path = tippy;
			sourceTree = "<group>";
		};
/* End PBXGroup section */

/* Begin PBXNativeTarget section */
		BAAF90641E6696CC00E0FCAB /* tippy */ = {
			isa = PBXNativeTarget;
			buildConfigurationList = BAAF90771E6696CD00E0FCAB /* Build configuration list for PBXNativeTarget "tippy" */;
			buildPhases = (
				BAAF90611E6696CC00E0FCAB /* Sources */,
				BAAF90621E6696CC00E0FCAB /* Frameworks */,
				BAAF90631E6696CC00E0FCAB /* Resources */,
			);
			buildRules = (
			);
			dependencies = (
			);
			name = tippy;
			productName = tippy;
			productReference = BAAF90651E6696CD00E0FCAB /* tippy.app */;
			productType = "com.apple.product-type.application";
		};
/* End PBXNativeTarget section */

/* Begin PBXProject section */
		BAAF905D1E6696CC00E0FCAB /* Project object */ = {
			isa = PBXProject;
			attributes = {
				LastSwiftUpdateCheck = 0820;
				LastUpgradeCheck = 0820;
				ORGANIZATIONNAME = "Calvin Settachatgul";
				TargetAttributes = {
					BAAF90641E6696CC00E0FCAB = {
						CreatedOnToolsVersion = 8.2.1;
						DevelopmentTeam = QZMXZNPWT4;
						ProvisioningStyle = Automatic;
					};
				};
			};
			buildConfigurationList = BAAF90601E6696CC00E0FCAB /* Build configuration list for PBXProject "tippy" */;
			compatibilityVersion = "Xcode 3.2";
			developmentRegion = English;
			hasScannedForEncodings = 0;
			knownRegions = (
				en,
				Base,
			);
			mainGroup = BAAF905C1E6696CC00E0FCAB;
			productRefGroup = BAAF90661E6696CD00E0FCAB /* Products */;
			projectDirPath = "";
			projectRoot = "";
			targets = (
				BAAF90641E6696CC00E0FCAB /* tippy */,
			);
		};
/* End PBXProject section */

/* Begin PBXResourcesBuildPhase section */
		BAAF90631E6696CC00E0FCAB /* Resources */ = {
			isa = PBXResourcesBuildPhase;
			buildActionMask = 2147483647;
			files = (
				BAAF90731E6696CD00E0FCAB /* LaunchScreen.storyboard in Resources */,
				BAAF90701E6696CD00E0FCAB /* Assets.xcassets in Resources */,
				BAAF906E1E6696CD00E0FCAB /* Main.storyboard in Resources */,
			);
			runOnlyForDeploymentPostprocessing = 0;
		};
/* End PBXResourcesBuildPhase section */

/* Begin PBXSourcesBuildPhase section */
		BAAF90611E6696CC00E0FCAB /* Sources */ = {
			isa = PBXSourcesBuildPhase;
			buildActionMask = 2147483647;
			files = (
				BAAF906B1E6696CD00E0FCAB /* ViewController.swift in Sources */,
				BAAF90691E6696CD00E0FCAB /* AppDelegate.swift in Sources */,
				BA74BE281E6BCA2E00877BA4 /* SettingsViewController.swift in Sources */,
			);
			runOnlyForDeploymentPostprocessing = 0;
		};
/* End PBXSourcesBuildPhase section */

/* Begin PBXVariantGroup section */
		BAAF906C1E6696CD00E0FCAB /* Main.storyboard */ = {
			isa = PBXVariantGroup;
			children = (
				BAAF906D1E6696CD00E0FCAB /* Base */,
			);
			name = Main.storyboard;
			sourceTree = "<group>";
		};
		BAAF90711E6696CD00E0FCAB /* LaunchScreen.storyboard */ = {
			isa = PBXVariantGroup;
			children = (
				BAAF90721E6696CD00E0FCAB /* Base */,
			);
			name = LaunchScreen.storyboard;
			sourceTree = "<group>";
		};
/* End PBXVariantGroup section */

/* Begin XCBuildConfiguration section */
		BAAF90751E6696CD00E0FCAB /* Debug */ = {
			isa = XCBuildConfiguration;
			buildSettings = {
				ALWAYS_SEARCH_USER_PATHS = NO;
				CLANG_ANALYZER_NONNULL = YES;
				CLANG_CXX_LANGUAGE_STANDARD = "gnu++0x";
				CLANG_CXX_LIBRARY = "libc++";
				CLANG_ENABLE_MODULES = YES;
				CLANG_ENABLE_OBJC_ARC = YES;
				CLANG_WARN_BOOL_CONVERSION = YES;
				CLANG_WARN_CONSTANT_CONVERSION = YES;
				CLANG_WARN_DIRECT_OBJC_ISA_USAGE = YES_ERROR;
				CLANG_WARN_DOCUMENTATION_COMMENTS = YES;
				CLANG_WARN_EMPTY_BODY = YES;
				CLANG_WARN_ENUM_CONVERSION = YES;
				CLANG_WARN_INFINITE_RECURSION = YES;
				CLANG_WARN_INT_CONVERSION = YES;
				CLANG_WARN_OBJC_ROOT_CLASS = YES_ERROR;
				CLANG_WARN_SUSPICIOUS_MOVE = YES;
				CLANG_WARN_UNREACHABLE_CODE = YES;
				CLANG_WARN__DUPLICATE_METHOD_MATCH = YES;
				"CODE_SIGN_IDENTITY[sdk=iphoneos*]" = "iPhone Developer";
				COPY_PHASE_STRIP = NO;
				DEBUG_INFORMATION_FORMAT = dwarf;
				ENABLE_STRICT_OBJC_MSGSEND = YES;
				ENABLE_TESTABILITY = YES;
				GCC_C_LANGUAGE_STANDARD = gnu99;
				GCC_DYNAMIC_NO_PIC = NO;
				GCC_NO_COMMON_BLOCKS = YES;
				GCC_OPTIMIZATION_LEVEL = 0;
				GCC_PREPROCESSOR_DEFINITIONS = (
					"DEBUG=1",
					"$(inherited)",
				);
				GCC_WARN_64_TO_32_BIT_CONVERSION = YES;
				GCC_WARN_ABOUT_RETURN_TYPE = YES_ERROR;
				GCC_WARN_UNDECLARED_SELECTOR = YES;
				GCC_WARN_UNINITIALIZED_AUTOS = YES_AGGRESSIVE;
				GCC_WARN_UNUSED_FUNCTION = YES;
				GCC_WARN_UNUSED_VARIABLE = YES;
				IPHONEOS_DEPLOYMENT_TARGET = 10.2;
				MTL_ENABLE_DEBUG_INFO = YES;
				ONLY_ACTIVE_ARCH = YES;
				SDKROOT = iphoneos;
				SWIFT_ACTIVE_COMPILATION_CONDITIONS = DEBUG;
				SWIFT_OPTIMIZATION_LEVEL = "-Onone";
				TARGETED_DEVICE_FAMILY = "1,2";
			};
			name = Debug;
		};
		BAAF90761E6696CD00E0FCAB /* Release */ = {
			isa = XCBuildConfiguration;
			buildSettings = {
				ALWAYS_SEARCH_USER_PATHS = NO;
				CLANG_ANALYZER_NONNULL = YES;
				CLANG_CXX_LANGUAGE_STANDARD = "gnu++0x";
				CLANG_CXX_LIBRARY = "libc++";
				CLANG_ENABLE_MODULES = YES;
				CLANG_ENABLE_OBJC_ARC = YES;
				CLANG_WARN_BOOL_CONVERSION = YES;
				CLANG_WARN_CONSTANT_CONVERSION = YES;
				CLANG_WARN_DIRECT_OBJC_ISA_USAGE = YES_ERROR;
				CLANG_WARN_DOCUMENTATION_COMMENTS = YES;
				CLANG_WARN_EMPTY_BODY = YES;
				CLANG_WARN_ENUM_CONVERSION = YES;
				CLANG_WARN_INFINITE_RECURSION = YES;
				CLANG_WARN_INT_CONVERSION = YES;
				CLANG_WARN_OBJC_ROOT_CLASS = YES_ERROR;
				CLANG_WARN_SUSPICIOUS_MOVE = YES;
				CLANG_WARN_UNREACHABLE_CODE = YES;
				CLANG_WARN__DUPLICATE_METHOD_MATCH = YES;
				"CODE_SIGN_IDENTITY[sdk=iphoneos*]" = "iPhone Developer";
				COPY_PHASE_STRIP = NO;
				DEBUG_INFORMATION_FORMAT = "dwarf-with-dsym";
				ENABLE_NS_ASSERTIONS = NO;
				ENABLE_STRICT_OBJC_MSGSEND = YES;
				GCC_C_LANGUAGE_STANDARD = gnu99;
				GCC_NO_COMMON_BLOCKS = YES;
				GCC_WARN_64_TO_32_BIT_CONVERSION = YES;
				GCC_WARN_ABOUT_RETURN_TYPE = YES_ERROR;
				GCC_WARN_UNDECLARED_SELECTOR = YES;
				GCC_WARN_UNINITIALIZED_AUTOS = YES_AGGRESSIVE;
				GCC_WARN_UNUSED_FUNCTION = YES;
				GCC_WARN_UNUSED_VARIABLE = YES;
				IPHONEOS_DEPLOYMENT_TARGET = 10.2;
				MTL_ENABLE_DEBUG_INFO = NO;
				SDKROOT = iphoneos;
				SWIFT_OPTIMIZATION_LEVEL = "-Owholemodule";
				TARGETED_DEVICE_FAMILY = "1,2";
				VALIDATE_PRODUCT = YES;
			};
			name = Release;
		};
		BAAF90781E6696CD00E0FCAB /* Debug */ = {
			isa = XCBuildConfiguration;
			buildSettings = {
				ASSETCATALOG_COMPILER_APPICON_NAME = AppIcon;
				DEVELOPMENT_TEAM = QZMXZNPWT4;
				INFOPLIST_FILE = tippy/Info.plist;
				LD_RUNPATH_SEARCH_PATHS = "$(inherited) @executable_path/Frameworks";
				PRODUCT_BUNDLE_IDENTIFIER = calvins.tippy;
				PRODUCT_NAME = "$(TARGET_NAME)";
				SWIFT_VERSION = 3.0;
			};
			name = Debug;
		};
		BAAF90791E6696CD00E0FCAB /* Release */ = {
			isa = XCBuildConfiguration;
			buildSettings = {
				ASSETCATALOG_COMPILER_APPICON_NAME = AppIcon;
				DEVELOPMENT_TEAM = QZMXZNPWT4;
				INFOPLIST_FILE = tippy/Info.plist;
				LD_RUNPATH_SEARCH_PATHS = "$(inherited) @executable_path/Frameworks";
				PRODUCT_BUNDLE_IDENTIFIER = calvins.tippy;
				PRODUCT_NAME = "$(TARGET_NAME)";
				SWIFT_VERSION = 3.0;
			};
			name = Release;
		};
/* End XCBuildConfiguration section */

/* Begin XCConfigurationList section */
		BAAF90601E6696CC00E0FCAB /* Build configuration list for PBXProject "tippy" */ = {
			isa = XCConfigurationList;
			buildConfigurations = (
				BAAF90751E6696CD00E0FCAB /* Debug */,
				BAAF90761E6696CD00E0FCAB /* Release */,
			);
			defaultConfigurationIsVisible = 0;
			defaultConfigurationName = Release;
		};
		BAAF90771E6696CD00E0FCAB /* Build configuration list for PBXNativeTarget "tippy" */ = {
			isa = XCConfigurationList;
			buildConfigurations = (
				BAAF90781E6696CD00E0FCAB /* Debug */,
				BAAF90791E6696CD00E0FCAB /* Release */,
			);
			defaultConfigurationIsVisible = 0;
			defaultConfigurationName = Release;
		};
/* End XCConfigurationList section */
	};
	rootObject = BAAF905D1E6696CC00E0FCAB /* Project object */;
}
